
Microsoft Visual Studio Solution File, Format Version 12.00
# Visual Studio Version 17
VisualStudioVersion = 17.8.34330.188
MinimumVisualStudioVersion = 10.0.40219.1
Project("{9A19103F-16F7-4668-BE54-9A1E7A4F7556}") = "MyPlayrightSample", "MyPlayrightSample\MyPlayrightSample.csproj", "{E01A41C9-7FD4-4A2D-B7BA-6E7D7F4788F4}"
EndProject
Project("{FAE04EC0-301F-11D3-BF4B-00C04F79EFBC}") = "HandleNetConnectStarter", "HandleNetConnectStarter\HandleNetConnectStarter.csproj", "{35030AA7-87D1-468F-86AE-60C7799477C3}"
EndProject
Global
	GlobalSection(SolutionConfigurationPlatforms) = preSolution
		Debug|Any CPU = Debug|Any CPU
		Release|Any CPU = Release|Any CPU
	EndGlobalSection
	GlobalSection(ProjectConfigurationPlatforms) = postSolution
		{E01A41C9-7FD4-4A2D-B7BA-6E7D7F4788F4}.Debug|Any CPU.ActiveCfg = Debug|Any CPU
		{E01A41C9-7FD4-4A2D-B7BA-6E7D7F4788F4}.Debug|Any CPU.Build.0 = Debug|Any CPU
		{E01A41C9-7FD4-4A2D-B7BA-6E7D7F4788F4}.Release|Any CPU.ActiveCfg = Release|Any CPU
		{E01A41C9-7FD4-4A2D-B7BA-6E7D7F4788F4}.Release|Any CPU.Build.0 = Release|Any CPU
		{35030AA7-87D1-468F-86AE-60C7799477C3}.Debug|Any CPU.ActiveCfg = Debug|Any CPU
		{35030AA7-87D1-468F-86AE-60C7799477C3}.Debug|Any CPU.Build.0 = Debug|Any CPU
		{35030AA7-87D1-468F-86AE-60C7799477C3}.Release|Any CPU.ActiveCfg = Release|Any CPU
		{35030AA7-87D1-468F-86AE-60C7799477C3}.Release|Any CPU.Build.0 = Release|Any CPU
	EndGlobalSection
	GlobalSection(SolutionProperties) = preSolution
		HideSolutionNode = FALSE
	EndGlobalSection
	GlobalSection(ExtensibilityGlobals) = postSolution
		SolutionGuid = {E6B8DA8C-2AB8-4F7D-81C3-23A54BF3044E}
	EndGlobalSection
EndGlobal
